dependencies:
  espressif/esp_lcd_touch:
    dependencies: []
    source:
      path: C:\Users\akiri\Documents\ESP_IDF_PROJEKTIT\08_lvgl_Porting\components\espressif__esp_lcd_touch
      type: local
    version: 1.1.2
  espressif/esp_lcd_touch_gt911:
    dependencies: []
    source:
      path: C:\Users\akiri\Documents\ESP_IDF_PROJEKTIT\08_lvgl_Porting\components\espressif__esp_lcd_touch_gt911
      type: local
    version: 1.1.1~1
  idf:
    source:
      type: idf
    version: 5.4.0
  lvgl/lvgl:
    dependencies: []
    source:
      path: C:\Users\akiri\Documents\ESP_IDF_PROJEKTIT\08_lvgl_Porting\components\lvgl__lvgl
      type: local
    version: 8.4.0
direct_dependencies:
- espressif/esp_lcd_touch
- espressif/esp_lcd_touch_gt911
- idf
- lvgl/lvgl
manifest_hash: 9e6292eada1eceb9875553ef31a074db6919a31bbe957de18a1d49dddbf018dd
target: esp32s3
version: 2.0.0
